
Microsoft Visual Studio Solution File, Format Version 12.00
# Visual Studio Version 16
VisualStudioVersion = 16.0.30204.135
MinimumVisualStudioVersion = 10.0.40219.1
Project("{FAE04EC0-301F-11D3-BF4B-00C04F79EFBC}") = "Method_2", "Method_2\Method_2.csproj", "{4AC74C4D-3C96-403D-9D8D-DC1CA51C6E9A}"
EndProject
Global
	GlobalSection(SolutionConfigurationPlatforms) = preSolution
		Debug|Any CPU = Debug|Any CPU
		Release|Any CPU = Release|Any CPU
	EndGlobalSection
	GlobalSection(ProjectConfigurationPlatforms) = postSolution
		{4AC74C4D-3C96-403D-9D8D-DC1CA51C6E9A}.Debug|Any CPU.ActiveCfg = Debug|Any CPU
		{4AC74C4D-3C96-403D-9D8D-DC1CA51C6E9A}.Debug|Any CPU.Build.0 = Debug|Any CPU
		{4AC74C4D-3C96-403D-9D8D-DC1CA51C6E9A}.Release|Any CPU.ActiveCfg = Release|Any CPU
		{4AC74C4D-3C96-403D-9D8D-DC1CA51C6E9A}.Release|Any CPU.Build.0 = Release|Any CPU
	EndGlobalSection
	GlobalSection(SolutionProperties) = preSolution
		HideSolutionNode = FALSE
	EndGlobalSection
	GlobalSection(ExtensibilityGlobals) = postSolution
		SolutionGuid = {440A1BB1-5135-4ECE-B842-BF1458F890A8}
	EndGlobalSection
EndGlobal
